// !$*UTF8*$!
{
	archiveVersion = 1;
	classes = {
	};
	objectVersion = 56;
	objects = {

/* Begin PBXBuildFile section */
		A202E0FA2987A8F600E123B8 /* ContainerViewController.swift in Sources */ = {isa = PBXBuildFile; fileRef = A202E0F92987A8F600E123B8 /* ContainerViewController.swift */; };
		A202E0FC2987A99100E123B8 /* WeatherDataUIView.swift in Sources */ = {isa = PBXBuildFile; fileRef = A202E0FB2987A99100E123B8 /* WeatherDataUIView.swift */; };
		A202E0FE2987A9F200E123B8 /* WeatherViewModel.swift in Sources */ = {isa = PBXBuildFile; fileRef = A202E0FD2987A9F200E123B8 /* WeatherViewModel.swift */; };
		A202E1002987D21B00E123B8 /* Notifications.swift in Sources */ = {isa = PBXBuildFile; fileRef = A202E0FF2987D21B00E123B8 /* Notifications.swift */; };
		A2162647297E6C5D00749483 /* Weather.swift in Sources */ = {isa = PBXBuildFile; fileRef = A2162646297E6C5D00749483 /* Weather.swift */; };
		A2162649297E6CA200749483 /* RequestManager.swift in Sources */ = {isa = PBXBuildFile; fileRef = A2162648297E6CA200749483 /* RequestManager.swift */; };
		A216264E297E799000749483 /* Alamofire in Frameworks */ = {isa = PBXBuildFile; productRef = A216264D297E799000749483 /* Alamofire */; };
		A2162651297E7A5F00749483 /* Charts in Frameworks */ = {isa = PBXBuildFile; productRef = A2162650297E7A5F00749483 /* Charts */; };
		A2162654297E7B4600749483 /* Realm in Frameworks */ = {isa = PBXBuildFile; productRef = A2162653297E7B4600749483 /* Realm */; };
		A2162656297E7B4600749483 /* RealmSwift in Frameworks */ = {isa = PBXBuildFile; productRef = A2162655297E7B4600749483 /* RealmSwift */; };
		A2162658297E7FE100749483 /* LocalData.swift in Sources */ = {isa = PBXBuildFile; fileRef = A2162657297E7FE100749483 /* LocalData.swift */; };
		A216265C297EC79100749483 /* ChartVC.swift in Sources */ = {isa = PBXBuildFile; fileRef = A216265B297EC79100749483 /* ChartVC.swift */; };
		A216265E297EC7A100749483 /* DataVC.swift in Sources */ = {isa = PBXBuildFile; fileRef = A216265D297EC7A100749483 /* DataVC.swift */; };
		A2162660297EC7AC00749483 /* SettingsVC.swift in Sources */ = {isa = PBXBuildFile; fileRef = A216265F297EC7AC00749483 /* SettingsVC.swift */; };
		A21B7CEC297FD45500181223 /* PopoverTableVC.swift in Sources */ = {isa = PBXBuildFile; fileRef = A21B7CEB297FD45500181223 /* PopoverTableVC.swift */; };
		A24E59C729826842002BD64B /* Extensions.swift in Sources */ = {isa = PBXBuildFile; fileRef = A24E59C629826842002BD64B /* Extensions.swift */; };
		A282FCEB297AE2F100D32F37 /* AppDelegate.swift in Sources */ = {isa = PBXBuildFile; fileRef = A282FCEA297AE2F100D32F37 /* AppDelegate.swift */; };
		A282FCED297AE2F100D32F37 /* SceneDelegate.swift in Sources */ = {isa = PBXBuildFile; fileRef = A282FCEC297AE2F100D32F37 /* SceneDelegate.swift */; };
		A282FCF2297AE2F100D32F37 /* Main.storyboard in Resources */ = {isa = PBXBuildFile; fileRef = A282FCF0297AE2F100D32F37 /* Main.storyboard */; };
		A282FCF4297AE2F400D32F37 /* Assets.xcassets in Resources */ = {isa = PBXBuildFile; fileRef = A282FCF3297AE2F400D32F37 /* Assets.xcassets */; };
		A282FCF7297AE2F400D32F37 /* LaunchScreen.storyboard in Resources */ = {isa = PBXBuildFile; fileRef = A282FCF5297AE2F400D32F37 /* LaunchScreen.storyboard */; };
		A2FFFA2829815FF6008BAD0E /* MyCustomTabController.swift in Sources */ = {isa = PBXBuildFile; fileRef = A2FFFA2729815FF6008BAD0E /* MyCustomTabController.swift */; };
/* End PBXBuildFile section */

/* Begin PBXFileReference section */
		A202E0F92987A8F600E123B8 /* ContainerViewController.swift */ = {isa = PBXFileReference; lastKnownFileType = sourcecode.swift; path = ContainerViewController.swift; sourceTree = "<group>"; };
		A202E0FB2987A99100E123B8 /* WeatherDataUIView.swift */ = {isa = PBXFileReference; lastKnownFileType = sourcecode.swift; path = WeatherDataUIView.swift; sourceTree = "<group>"; };
		A202E0FD2987A9F200E123B8 /* WeatherViewModel.swift */ = {isa = PBXFileReference; lastKnownFileType = sourcecode.swift; path = WeatherViewModel.swift; sourceTree = "<group>"; };
		A202E0FF2987D21B00E123B8 /* Notifications.swift */ = {isa = PBXFileReference; lastKnownFileType = sourcecode.swift; path = Notifications.swift; sourceTree = "<group>"; };
		A2162646297E6C5D00749483 /* Weather.swift */ = {isa = PBXFileReference; lastKnownFileType = sourcecode.swift; path = Weather.swift; sourceTree = "<group>"; };
		A2162648297E6CA200749483 /* RequestManager.swift */ = {isa = PBXFileReference; lastKnownFileType = sourcecode.swift; path = RequestManager.swift; sourceTree = "<group>"; };
		A2162657297E7FE100749483 /* LocalData.swift */ = {isa = PBXFileReference; lastKnownFileType = sourcecode.swift; path = LocalData.swift; sourceTree = "<group>"; };
		A216265B297EC79100749483 /* ChartVC.swift */ = {isa = PBXFileReference; fileEncoding = 4; lastKnownFileType = sourcecode.swift; path = ChartVC.swift; sourceTree = "<group>"; };
		A216265D297EC7A100749483 /* DataVC.swift */ = {isa = PBXFileReference; fileEncoding = 4; lastKnownFileType = sourcecode.swift; path = DataVC.swift; sourceTree = "<group>"; };
		A216265F297EC7AC00749483 /* SettingsVC.swift */ = {isa = PBXFileReference; fileEncoding = 4; lastKnownFileType = sourcecode.swift; path = SettingsVC.swift; sourceTree = "<group>"; };
		A21B7CEB297FD45500181223 /* PopoverTableVC.swift */ = {isa = PBXFileReference; lastKnownFileType = sourcecode.swift; path = PopoverTableVC.swift; sourceTree = "<group>"; };
		A24E59C629826842002BD64B /* Extensions.swift */ = {isa = PBXFileReference; lastKnownFileType = sourcecode.swift; path = Extensions.swift; sourceTree = "<group>"; };
		A282FCE7297AE2F100D32F37 /* MyWeatherCharts-HW8.app */ = {isa = PBXFileReference; explicitFileType = wrapper.application; includeInIndex = 0; path = "MyWeatherCharts-HW8.app"; sourceTree = BUILT_PRODUCTS_DIR; };
		A282FCEA297AE2F100D32F37 /* AppDelegate.swift */ = {isa = PBXFileReference; lastKnownFileType = sourcecode.swift; path = AppDelegate.swift; sourceTree = "<group>"; };
		A282FCEC297AE2F100D32F37 /* SceneDelegate.swift */ = {isa = PBXFileReference; lastKnownFileType = sourcecode.swift; path = SceneDelegate.swift; sourceTree = "<group>"; };
		A282FCF1297AE2F100D32F37 /* Base */ = {isa = PBXFileReference; lastKnownFileType = file.storyboard; name = Base; path = Base.lproj/Main.storyboard; sourceTree = "<group>"; };
		A282FCF3297AE2F400D32F37 /* Assets.xcassets */ = {isa = PBXFileReference; lastKnownFileType = folder.assetcatalog; path = Assets.xcassets; sourceTree = "<group>"; };
		A282FCF6297AE2F400D32F37 /* Base */ = {isa = PBXFileReference; lastKnownFileType = file.storyboard; name = Base; path = Base.lproj/LaunchScreen.storyboard; sourceTree = "<group>"; };
		A282FCF8297AE2F400D32F37 /* Info.plist */ = {isa = PBXFileReference; lastKnownFileType = text.plist.xml; path = Info.plist; sourceTree = "<group>"; };
		A2FFFA2729815FF6008BAD0E /* MyCustomTabController.swift */ = {isa = PBXFileReference; lastKnownFileType = sourcecode.swift; path = MyCustomTabController.swift; sourceTree = "<group>"; };
/* End PBXFileReference section */

/* Begin PBXFrameworksBuildPhase section */
		A282FCE4297AE2F100D32F37 /* Frameworks */ = {
			isa = PBXFrameworksBuildPhase;
			buildActionMask = 2147483647;
			files = (
				A2162656297E7B4600749483 /* RealmSwift in Frameworks */,
				A2162654297E7B4600749483 /* Realm in Frameworks */,
				A216264E297E799000749483 /* Alamofire in Frameworks */,
				A2162651297E7A5F00749483 /* Charts in Frameworks */,
			);
			runOnlyForDeploymentPostprocessing = 0;
		};
/* End PBXFrameworksBuildPhase section */

/* Begin PBXGroup section */
		A202E0F82987A8B100E123B8 /* SwiftUI */ = {
			isa = PBXGroup;
			children = (
				A202E0F92987A8F600E123B8 /* ContainerViewController.swift */,
				A202E0FB2987A99100E123B8 /* WeatherDataUIView.swift */,
				A202E0FD2987A9F200E123B8 /* WeatherViewModel.swift */,
			);
			path = SwiftUI;
			sourceTree = "<group>";
		};
		A282FCDE297AE2F100D32F37 = {
			isa = PBXGroup;
			children = (
				A282FCE9297AE2F100D32F37 /* MyWeatherCharts-HW8 */,
				A282FCE8297AE2F100D32F37 /* Products */,
			);
			sourceTree = "<group>";
		};
		A282FCE8297AE2F100D32F37 /* Products */ = {
			isa = PBXGroup;
			children = (
				A282FCE7297AE2F100D32F37 /* MyWeatherCharts-HW8.app */,
			);
			name = Products;
			sourceTree = "<group>";
		};
		A282FCE9297AE2F100D32F37 /* MyWeatherCharts-HW8 */ = {
			isa = PBXGroup;
			children = (
				A202E0F82987A8B100E123B8 /* SwiftUI */,
				A216265F297EC7AC00749483 /* SettingsVC.swift */,
				A216265D297EC7A100749483 /* DataVC.swift */,
				A216265B297EC79100749483 /* ChartVC.swift */,
				A282FCEA297AE2F100D32F37 /* AppDelegate.swift */,
				A282FCEC297AE2F100D32F37 /* SceneDelegate.swift */,
				A282FCF0297AE2F100D32F37 /* Main.storyboard */,
				A282FCF3297AE2F400D32F37 /* Assets.xcassets */,
				A282FCF5297AE2F400D32F37 /* LaunchScreen.storyboard */,
				A282FCF8297AE2F400D32F37 /* Info.plist */,
				A2162646297E6C5D00749483 /* Weather.swift */,
				A2162648297E6CA200749483 /* RequestManager.swift */,
				A2162657297E7FE100749483 /* LocalData.swift */,
				A21B7CEB297FD45500181223 /* PopoverTableVC.swift */,
				A2FFFA2729815FF6008BAD0E /* MyCustomTabController.swift */,
				A24E59C629826842002BD64B /* Extensions.swift */,
				A202E0FF2987D21B00E123B8 /* Notifications.swift */,
			);
			path = "MyWeatherCharts-HW8";
			sourceTree = "<group>";
		};
/* End PBXGroup section */

/* Begin PBXNativeTarget section */
		A282FCE6297AE2F100D32F37 /* MyWeatherCharts-HW8 */ = {
			isa = PBXNativeTarget;
			buildConfigurationList = A282FCFB297AE2F400D32F37 /* Build configuration list for PBXNativeTarget "MyWeatherCharts-HW8" */;
			buildPhases = (
				A282FCE3297AE2F100D32F37 /* Sources */,
				A282FCE4297AE2F100D32F37 /* Frameworks */,
				A282FCE5297AE2F100D32F37 /* Resources */,
			);
			buildRules = (
			);
			dependencies = (
			);
			name = "MyWeatherCharts-HW8";
			packageProductDependencies = (
				A216264D297E799000749483 /* Alamofire */,
				A2162650297E7A5F00749483 /* Charts */,
				A2162653297E7B4600749483 /* Realm */,
				A2162655297E7B4600749483 /* RealmSwift */,
			);
			productName = "MyWeatherCharts-HW8";
			productReference = A282FCE7297AE2F100D32F37 /* MyWeatherCharts-HW8.app */;
			productType = "com.apple.product-type.application";
		};
/* End PBXNativeTarget section */

/* Begin PBXProject section */
		A282FCDF297AE2F100D32F37 /* Project object */ = {
			isa = PBXProject;
			attributes = {
				BuildIndependentTargetsInParallel = 1;
				LastSwiftUpdateCheck = 1400;
				LastUpgradeCheck = 1400;
				TargetAttributes = {
					A282FCE6297AE2F100D32F37 = {
						CreatedOnToolsVersion = 14.0.1;
					};
				};
			};
			buildConfigurationList = A282FCE2297AE2F100D32F37 /* Build configuration list for PBXProject "MyWeatherCharts-HW8" */;
			compatibilityVersion = "Xcode 14.0";
			developmentRegion = en;
			hasScannedForEncodings = 0;
			knownRegions = (
				en,
				Base,
			);
			mainGroup = A282FCDE297AE2F100D32F37;
			packageReferences = (
				A216264C297E799000749483 /* XCRemoteSwiftPackageReference "Alamofire" */,
				A216264F297E7A5F00749483 /* XCRemoteSwiftPackageReference "Charts" */,
				A2162652297E7B4600749483 /* XCRemoteSwiftPackageReference "realm-swift" */,
			);
			productRefGroup = A282FCE8297AE2F100D32F37 /* Products */;
			projectDirPath = "";
			projectRoot = "";
			targets = (
				A282FCE6297AE2F100D32F37 /* MyWeatherCharts-HW8 */,
			);
		};
/* End PBXProject section */

/* Begin PBXResourcesBuildPhase section */
		A282FCE5297AE2F100D32F37 /* Resources */ = {
			isa = PBXResourcesBuildPhase;
			buildActionMask = 2147483647;
			files = (
				A282FCF7297AE2F400D32F37 /* LaunchScreen.storyboard in Resources */,
				A282FCF4297AE2F400D32F37 /* Assets.xcassets in Resources */,
				A282FCF2297AE2F100D32F37 /* Main.storyboard in Resources */,
			);
			runOnlyForDeploymentPostprocessing = 0;
		};
/* End PBXResourcesBuildPhase section */

/* Begin PBXSourcesBuildPhase section */
		A282FCE3297AE2F100D32F37 /* Sources */ = {
			isa = PBXSourcesBuildPhase;
			buildActionMask = 2147483647;
			files = (
				A202E1002987D21B00E123B8 /* Notifications.swift in Sources */,
				A216265E297EC7A100749483 /* DataVC.swift in Sources */,
				A202E0FC2987A99100E123B8 /* WeatherDataUIView.swift in Sources */,
				A2162658297E7FE100749483 /* LocalData.swift in Sources */,
				A202E0FE2987A9F200E123B8 /* WeatherViewModel.swift in Sources */,
				A282FCEB297AE2F100D32F37 /* AppDelegate.swift in Sources */,
				A282FCED297AE2F100D32F37 /* SceneDelegate.swift in Sources */,
				A21B7CEC297FD45500181223 /* PopoverTableVC.swift in Sources */,
				A216265C297EC79100749483 /* ChartVC.swift in Sources */,
				A24E59C729826842002BD64B /* Extensions.swift in Sources */,
				A2162660297EC7AC00749483 /* SettingsVC.swift in Sources */,
				A2162649297E6CA200749483 /* RequestManager.swift in Sources */,
				A2FFFA2829815FF6008BAD0E /* MyCustomTabController.swift in Sources */,
				A202E0FA2987A8F600E123B8 /* ContainerViewController.swift in Sources */,
				A2162647297E6C5D00749483 /* Weather.swift in Sources */,
			);
			runOnlyForDeploymentPostprocessing = 0;
		};
/* End PBXSourcesBuildPhase section */

/* Begin PBXVariantGroup section */
		A282FCF0297AE2F100D32F37 /* Main.storyboard */ = {
			isa = PBXVariantGroup;
			children = (
				A282FCF1297AE2F100D32F37 /* Base */,
			);
			name = Main.storyboard;
			sourceTree = "<group>";
		};
		A282FCF5297AE2F400D32F37 /* LaunchScreen.storyboard */ = {
			isa = PBXVariantGroup;
			children = (
				A282FCF6297AE2F400D32F37 /* Base */,
			);
			name = LaunchScreen.storyboard;
			sourceTree = "<group>";
		};
/* End PBXVariantGroup section */

/* Begin XCBuildConfiguration section */
		A282FCF9297AE2F400D32F37 /* Debug */ = {
			isa = XCBuildConfiguration;
			buildSettings = {
				ALWAYS_SEARCH_USER_PATHS = NO;
				CLANG_ANALYZER_NONNULL = YES;
				CLANG_ANALYZER_NUMBER_OBJECT_CONVERSION = YES_AGGRESSIVE;
				CLANG_CXX_LANGUAGE_STANDARD = "gnu++20";
				CLANG_ENABLE_MODULES = YES;
				CLANG_ENABLE_OBJC_ARC = YES;
				CLANG_ENABLE_OBJC_WEAK = YES;
				CLANG_WARN_BLOCK_CAPTURE_AUTORELEASING = YES;
				CLANG_WARN_BOOL_CONVERSION = YES;
				CLANG_WARN_COMMA = YES;
				CLANG_WARN_CONSTANT_CONVERSION = YES;
				CLANG_WARN_DEPRECATED_OBJC_IMPLEMENTATIONS = YES;
				CLANG_WARN_DIRECT_OBJC_ISA_USAGE = YES_ERROR;
				CLANG_WARN_DOCUMENTATION_COMMENTS = YES;
				CLANG_WARN_EMPTY_BODY = YES;
				CLANG_WARN_ENUM_CONVERSION = YES;
				CLANG_WARN_INFINITE_RECURSION = YES;
				CLANG_WARN_INT_CONVERSION = YES;
				CLANG_WARN_NON_LITERAL_NULL_CONVERSION = YES;
				CLANG_WARN_OBJC_IMPLICIT_RETAIN_SELF = YES;
				CLANG_WARN_OBJC_LITERAL_CONVERSION = YES;
				CLANG_WARN_OBJC_ROOT_CLASS = YES_ERROR;
				CLANG_WARN_QUOTED_INCLUDE_IN_FRAMEWORK_HEADER = YES;
				CLANG_WARN_RANGE_LOOP_ANALYSIS = YES;
				CLANG_WARN_STRICT_PROTOTYPES = YES;
				CLANG_WARN_SUSPICIOUS_MOVE = YES;
				CLANG_WARN_UNGUARDED_AVAILABILITY = YES_AGGRESSIVE;
				CLANG_WARN_UNREACHABLE_CODE = YES;
				CLANG_WARN__DUPLICATE_METHOD_MATCH = YES;
				COPY_PHASE_STRIP = NO;
				DEBUG_INFORMATION_FORMAT = dwarf;
				ENABLE_STRICT_OBJC_MSGSEND = YES;
				ENABLE_TESTABILITY = YES;
				GCC_C_LANGUAGE_STANDARD = gnu11;
				GCC_DYNAMIC_NO_PIC = NO;
				GCC_NO_COMMON_BLOCKS = YES;
				GCC_OPTIMIZATION_LEVEL = 0;
				GCC_PREPROCESSOR_DEFINITIONS = (
					"DEBUG=1",
					"$(inherited)",
				);
				GCC_WARN_64_TO_32_BIT_CONVERSION = YES;
				GCC_WARN_ABOUT_RETURN_TYPE = YES_ERROR;
				GCC_WARN_UNDECLARED_SELECTOR = YES;
				GCC_WARN_UNINITIALIZED_AUTOS = YES_AGGRESSIVE;
				GCC_WARN_UNUSED_FUNCTION = YES;
				GCC_WARN_UNUSED_VARIABLE = YES;
				IPHONEOS_DEPLOYMENT_TARGET = 16.0;
				MTL_ENABLE_DEBUG_INFO = INCLUDE_SOURCE;
				MTL_FAST_MATH = YES;
				ONLY_ACTIVE_ARCH = YES;
				SDKROOT = iphoneos;
				SWIFT_ACTIVE_COMPILATION_CONDITIONS = DEBUG;
				SWIFT_OPTIMIZATION_LEVEL = "-Onone";
			};
			name = Debug;
		};
		A282FCFA297AE2F400D32F37 /* Release */ = {
			isa = XCBuildConfiguration;
			buildSettings = {
				ALWAYS_SEARCH_USER_PATHS = NO;
				CLANG_ANALYZER_NONNULL = YES;
				CLANG_ANALYZER_NUMBER_OBJECT_CONVERSION = YES_AGGRESSIVE;
				CLANG_CXX_LANGUAGE_STANDARD = "gnu++20";
				CLANG_ENABLE_MODULES = YES;
				CLANG_ENABLE_OBJC_ARC = YES;
				CLANG_ENABLE_OBJC_WEAK = YES;
				CLANG_WARN_BLOCK_CAPTURE_AUTORELEASING = YES;
				CLANG_WARN_BOOL_CONVERSION = YES;
				CLANG_WARN_COMMA = YES;
				CLANG_WARN_CONSTANT_CONVERSION = YES;
				CLANG_WARN_DEPRECATED_OBJC_IMPLEMENTATIONS = YES;
				CLANG_WARN_DIRECT_OBJC_ISA_USAGE = YES_ERROR;
				CLANG_WARN_DOCUMENTATION_COMMENTS = YES;
				CLANG_WARN_EMPTY_BODY = YES;
				CLANG_WARN_ENUM_CONVERSION = YES;
				CLANG_WARN_INFINITE_RECURSION = YES;
				CLANG_WARN_INT_CONVERSION = YES;
				CLANG_WARN_NON_LITERAL_NULL_CONVERSION = YES;
				CLANG_WARN_OBJC_IMPLICIT_RETAIN_SELF = YES;
				CLANG_WARN_OBJC_LITERAL_CONVERSION = YES;
				CLANG_WARN_OBJC_ROOT_CLASS = YES_ERROR;
				CLANG_WARN_QUOTED_INCLUDE_IN_FRAMEWORK_HEADER = YES;
				CLANG_WARN_RANGE_LOOP_ANALYSIS = YES;
				CLANG_WARN_STRICT_PROTOTYPES = YES;
				CLANG_WARN_SUSPICIOUS_MOVE = YES;
				CLANG_WARN_UNGUARDED_AVAILABILITY = YES_AGGRESSIVE;
				CLANG_WARN_UNREACHABLE_CODE = YES;
				CLANG_WARN__DUPLICATE_METHOD_MATCH = YES;
				COPY_PHASE_STRIP = NO;
				DEBUG_INFORMATION_FORMAT = "dwarf-with-dsym";
				ENABLE_NS_ASSERTIONS = NO;
				ENABLE_STRICT_OBJC_MSGSEND = YES;
				GCC_C_LANGUAGE_STANDARD = gnu11;
				GCC_NO_COMMON_BLOCKS = YES;
				GCC_WARN_64_TO_32_BIT_CONVERSION = YES;
				GCC_WARN_ABOUT_RETURN_TYPE = YES_ERROR;
				GCC_WARN_UNDECLARED_SELECTOR = YES;
				GCC_WARN_UNINITIALIZED_AUTOS = YES_AGGRESSIVE;
				GCC_WARN_UNUSED_FUNCTION = YES;
				GCC_WARN_UNUSED_VARIABLE = YES;
				IPHONEOS_DEPLOYMENT_TARGET = 16.0;
				MTL_ENABLE_DEBUG_INFO = NO;
				MTL_FAST_MATH = YES;
				SDKROOT = iphoneos;
				SWIFT_COMPILATION_MODE = wholemodule;
				SWIFT_OPTIMIZATION_LEVEL = "-O";
				VALIDATE_PRODUCT = YES;
			};
			name = Release;
		};
		A282FCFC297AE2F400D32F37 /* Debug */ = {
			isa = XCBuildConfiguration;
			buildSettings = {
				ASSETCATALOG_COMPILER_APPICON_NAME = AppIcon;
				ASSETCATALOG_COMPILER_GLOBAL_ACCENT_COLOR_NAME = AccentColor;
				CODE_SIGN_STYLE = Automatic;
				CURRENT_PROJECT_VERSION = 1;
				DEVELOPMENT_TEAM = NS275QYWYJ;
				GENERATE_INFOPLIST_FILE = YES;
				INFOPLIST_FILE = "MyWeatherCharts-HW8/Info.plist";
				INFOPLIST_KEY_UIApplicationSupportsIndirectInputEvents = YES;
				INFOPLIST_KEY_UILaunchStoryboardName = LaunchScreen;
				INFOPLIST_KEY_UIMainStoryboardFile = Main;
				INFOPLIST_KEY_UISupportedInterfaceOrientations_iPad = "UIInterfaceOrientationPortrait UIInterfaceOrientationPortraitUpsideDown UIInterfaceOrientationLandscapeLeft UIInterfaceOrientationLandscapeRight";
				INFOPLIST_KEY_UISupportedInterfaceOrientations_iPhone = "UIInterfaceOrientationPortrait UIInterfaceOrientationLandscapeLeft UIInterfaceOrientationLandscapeRight";
				LD_RUNPATH_SEARCH_PATHS = (
					"$(inherited)",
					"@executable_path/Frameworks",
				);
				MARKETING_VERSION = 1.0;
				PRODUCT_BUNDLE_IDENTIFIER = "com.edynamix.com.MyWeatherCharts-HW8";
				PRODUCT_NAME = "$(TARGET_NAME)";
				SWIFT_EMIT_LOC_STRINGS = YES;
				SWIFT_VERSION = 5.0;
				TARGETED_DEVICE_FAMILY = "1,2";
			};
			name = Debug;
		};
		A282FCFD297AE2F400D32F37 /* Release */ = {
			isa = XCBuildConfiguration;
			buildSettings = {
				ASSETCATALOG_COMPILER_APPICON_NAME = AppIcon;
				ASSETCATALOG_COMPILER_GLOBAL_ACCENT_COLOR_NAME = AccentColor;
				CODE_SIGN_STYLE = Automatic;
				CURRENT_PROJECT_VERSION = 1;
				DEVELOPMENT_TEAM = NS275QYWYJ;
				GENERATE_INFOPLIST_FILE = YES;
				INFOPLIST_FILE = "MyWeatherCharts-HW8/Info.plist";
				INFOPLIST_KEY_UIApplicationSupportsIndirectInputEvents = YES;
				INFOPLIST_KEY_UILaunchStoryboardName = LaunchScreen;
				INFOPLIST_KEY_UIMainStoryboardFile = Main;
				INFOPLIST_KEY_UISupportedInterfaceOrientations_iPad = "UIInterfaceOrientationPortrait UIInterfaceOrientationPortraitUpsideDown UIInterfaceOrientationLandscapeLeft UIInterfaceOrientationLandscapeRight";
				INFOPLIST_KEY_UISupportedInterfaceOrientations_iPhone = "UIInterfaceOrientationPortrait UIInterfaceOrientationLandscapeLeft UIInterfaceOrientationLandscapeRight";
				LD_RUNPATH_SEARCH_PATHS = (
					"$(inherited)",
					"@executable_path/Frameworks",
				);
				MARKETING_VERSION = 1.0;
				PRODUCT_BUNDLE_IDENTIFIER = "com.edynamix.com.MyWeatherCharts-HW8";
				PRODUCT_NAME = "$(TARGET_NAME)";
				SWIFT_EMIT_LOC_STRINGS = YES;
				SWIFT_VERSION = 5.0;
				TARGETED_DEVICE_FAMILY = "1,2";
			};
			name = Release;
		};
/* End XCBuildConfiguration section */

/* Begin XCConfigurationList section */
		A282FCE2297AE2F100D32F37 /* Build configuration list for PBXProject "MyWeatherCharts-HW8" */ = {
			isa = XCConfigurationList;
			buildConfigurations = (
				A282FCF9297AE2F400D32F37 /* Debug */,
				A282FCFA297AE2F400D32F37 /* Release */,
			);
			defaultConfigurationIsVisible = 0;
			defaultConfigurationName = Release;
		};
		A282FCFB297AE2F400D32F37 /* Build configuration list for PBXNativeTarget "MyWeatherCharts-HW8" */ = {
			isa = XCConfigurationList;
			buildConfigurations = (
				A282FCFC297AE2F400D32F37 /* Debug */,
				A282FCFD297AE2F400D32F37 /* Release */,
			);
			defaultConfigurationIsVisible = 0;
			defaultConfigurationName = Release;
		};
/* End XCConfigurationList section */

/* Begin XCRemoteSwiftPackageReference section */
		A216264C297E799000749483 /* XCRemoteSwiftPackageReference "Alamofire" */ = {
			isa = XCRemoteSwiftPackageReference;
			repositoryURL = "https://github.com/Alamofire/Alamofire";
			requirement = {
				kind = upToNextMajorVersion;
				minimumVersion = 5.0.0;
			};
		};
		A216264F297E7A5F00749483 /* XCRemoteSwiftPackageReference "Charts" */ = {
			isa = XCRemoteSwiftPackageReference;
			repositoryURL = "https://github.com/danielgindi/Charts.git";
			requirement = {
				kind = upToNextMajorVersion;
				minimumVersion = 4.1.0;
			};
		};
		A2162652297E7B4600749483 /* XCRemoteSwiftPackageReference "realm-swift" */ = {
			isa = XCRemoteSwiftPackageReference;
			repositoryURL = "https://github.com/realm/realm-swift.git";
			requirement = {
				kind = upToNextMajorVersion;
				minimumVersion = 10.33.0;
			};
		};
/* End XCRemoteSwiftPackageReference section */

/* Begin XCSwiftPackageProductDependency section */
		A216264D297E799000749483 /* Alamofire */ = {
			isa = XCSwiftPackageProductDependency;
			package = A216264C297E799000749483 /* XCRemoteSwiftPackageReference "Alamofire" */;
			productName = Alamofire;
		};
		A2162650297E7A5F00749483 /* Charts */ = {
			isa = XCSwiftPackageProductDependency;
			package = A216264F297E7A5F00749483 /* XCRemoteSwiftPackageReference "Charts" */;
			productName = Charts;
		};
		A2162653297E7B4600749483 /* Realm */ = {
			isa = XCSwiftPackageProductDependency;
			package = A2162652297E7B4600749483 /* XCRemoteSwiftPackageReference "realm-swift" */;
			productName = Realm;
		};
		A2162655297E7B4600749483 /* RealmSwift */ = {
			isa = XCSwiftPackageProductDependency;
			package = A2162652297E7B4600749483 /* XCRemoteSwiftPackageReference "realm-swift" */;
			productName = RealmSwift;
		};
/* End XCSwiftPackageProductDependency section */
	};
	rootObject = A282FCDF297AE2F100D32F37 /* Project object */;
}
